
Microsoft Visual Studio Solution File, Format Version 12.00
# Visual Studio Version 16
VisualStudioVersion = 16.0.29424.173
MinimumVisualStudioVersion = 10.0.40219.1
Project("{9A19103F-16F7-4668-BE54-9A1E7A4F7556}") = "PaypalProject", "PaypalProject\PaypalProject.csproj", "{77CE050A-9139-46F6-B80E-0F52554A8178}"
EndProject
Project("{FAE04EC0-301F-11D3-BF4B-00C04F79EFBC}") = "PayPalSubscriptionNetSdk", "PayPalSubscriptionNetSdk\PayPalSubscriptionNetSdk.csproj", "{A0332C81-CC99-4238-B66C-E1C7EBA85876}"
EndProject
Global
	GlobalSection(SolutionConfigurationPlatforms) = preSolution
		Debug|Any CPU = Debug|Any CPU
		Release|Any CPU = Release|Any CPU
	EndGlobalSection
	GlobalSection(ProjectConfigurationPlatforms) = postSolution
		{77CE050A-9139-46F6-B80E-0F52554A8178}.Debug|Any CPU.ActiveCfg = Debug|Any CPU
		{77CE050A-9139-46F6-B80E-0F52554A8178}.Debug|Any CPU.Build.0 = Debug|Any CPU
		{77CE050A-9139-46F6-B80E-0F52554A8178}.Release|Any CPU.ActiveCfg = Release|Any CPU
		{77CE050A-9139-46F6-B80E-0F52554A8178}.Release|Any CPU.Build.0 = Release|Any CPU
		{A0332C81-CC99-4238-B66C-E1C7EBA85876}.Debug|Any CPU.ActiveCfg = Debug|Any CPU
		{A0332C81-CC99-4238-B66C-E1C7EBA85876}.Debug|Any CPU.Build.0 = Debug|Any CPU
		{A0332C81-CC99-4238-B66C-E1C7EBA85876}.Release|Any CPU.ActiveCfg = Release|Any CPU
		{A0332C81-CC99-4238-B66C-E1C7EBA85876}.Release|Any CPU.Build.0 = Release|Any CPU
	EndGlobalSection
	GlobalSection(SolutionProperties) = preSolution
		HideSolutionNode = FALSE
	EndGlobalSection
	GlobalSection(ExtensibilityGlobals) = postSolution
		SolutionGuid = {B0DD1640-E267-4AC0-A97C-94F0D5B1CCE0}
	EndGlobalSection
EndGlobal
